
Microsoft Visual Studio Solution File, Format Version 12.00
# Visual Studio Version 16
VisualStudioVersion = 16.0.31402.337
MinimumVisualStudioVersion = 10.0.40219.1
Project("{8BC9CEB8-8B4A-11D0-8D11-00A0C91BC942}") = "AlgoTri", "AlgoTri\AlgoTri.vcxproj", "{BD530B3A-05B3-4EC3-A678-0D2EFC3B5223}"
EndProject
Global
	GlobalSection(SolutionConfigurationPlatforms) = preSolution
		Debug|x64 = Debug|x64
		Debug|x86 = Debug|x86
		Release|x64 = Release|x64
		Release|x86 = Release|x86
	EndGlobalSection
	GlobalSection(ProjectConfigurationPlatforms) = postSolution
		{BD530B3A-05B3-4EC3-A678-0D2EFC3B5223}.Debug|x64.ActiveCfg = Debug|x64
		{BD530B3A-05B3-4EC3-A678-0D2EFC3B5223}.Debug|x64.Build.0 = Debug|x64
		{BD530B3A-05B3-4EC3-A678-0D2EFC3B5223}.Debug|x86.ActiveCfg = Debug|Win32
		{BD530B3A-05B3-4EC3-A678-0D2EFC3B5223}.Debug|x86.Build.0 = Debug|Win32
		{BD530B3A-05B3-4EC3-A678-0D2EFC3B5223}.Release|x64.ActiveCfg = Release|x64
		{BD530B3A-05B3-4EC3-A678-0D2EFC3B5223}.Release|x64.Build.0 = Release|x64
		{BD530B3A-05B3-4EC3-A678-0D2EFC3B5223}.Release|x86.ActiveCfg = Release|Win32
		{BD530B3A-05B3-4EC3-A678-0D2EFC3B5223}.Release|x86.Build.0 = Release|Win32
	EndGlobalSection
	GlobalSection(SolutionProperties) = preSolution
		HideSolutionNode = FALSE
	EndGlobalSection
	GlobalSection(ExtensibilityGlobals) = postSolution
		SolutionGuid = {A7F0F009-D954-456B-B631-FDA7E98B9845}
	EndGlobalSection
EndGlobal
